
Microsoft Visual Studio Solution File, Format Version 12.00
# Visual Studio Version 17
VisualStudioVersion = 17.10.35122.118
MinimumVisualStudioVersion = 10.0.40219.1
Project("{FAE04EC0-301F-11D3-BF4B-00C04F79EFBC}") = "SistemaLoja", "SistemaLoja\SistemaLoja.csproj", "{CD36DA0D-7874-4B50-9E9D-DF7FE776E8A3}"
EndProject
Global
	GlobalSection(SolutionConfigurationPlatforms) = preSolution
		Debug|Any CPU = Debug|Any CPU
		Release|Any CPU = Release|Any CPU
	EndGlobalSection
	GlobalSection(ProjectConfigurationPlatforms) = postSolution
		{CD36DA0D-7874-4B50-9E9D-DF7FE776E8A3}.Debug|Any CPU.ActiveCfg = Debug|Any CPU
		{CD36DA0D-7874-4B50-9E9D-DF7FE776E8A3}.Debug|Any CPU.Build.0 = Debug|Any CPU
		{CD36DA0D-7874-4B50-9E9D-DF7FE776E8A3}.Release|Any CPU.ActiveCfg = Release|Any CPU
		{CD36DA0D-7874-4B50-9E9D-DF7FE776E8A3}.Release|Any CPU.Build.0 = Release|Any CPU
	EndGlobalSection
	GlobalSection(SolutionProperties) = preSolution
		HideSolutionNode = FALSE
	EndGlobalSection
	GlobalSection(ExtensibilityGlobals) = postSolution
		SolutionGuid = {BB57F417-5FA9-478E-8BF7-3F19CBBC6DD4}
	EndGlobalSection
EndGlobal
